<?xml version="1.0" encoding="utf-8"?>
<Project ToolsVersion="4.0" xmlns="http://schemas.microsoft.com/developer/msbuild/2003">
  <ItemGroup>
    <Filter Include="Source Files">
      <UniqueIdentifier>{4FC737F1-C7A5-4376-A066-2A32D752A2FF}</UniqueIdentifier>
      <Extensions>cpp;c;cc;cxx;def;odl;idl;hpj;bat;asm;asmx</Extensions>
    </Filter>
    <Filter Include="FrameWork">
      <UniqueIdentifier>{9cbcb0a3-3c35-4d35-9929-d1f2a9f13cf8}</UniqueIdentifier>
    </Filter>
    <Filter Include="FrameWork\Graphics">
      <UniqueIdentifier>{ded8505a-acce-448b-81d2-c82a5730dd63}</UniqueIdentifier>
    </Filter>
    <Filter Include="FrameWork\Graphics\src">
      <UniqueIdentifier>{c667f1e3-3f3a-4fdc-88f5-bfa43928e705}</UniqueIdentifier>
    </Filter>
    <Filter Include="FrameWork\Game">
      <UniqueIdentifier>{19e38330-e62f-4ebb-b132-6b26a0f1b7b9}</UniqueIdentifier>
    </Filter>
    <Filter Include="FrameWork\Game\src">
      <UniqueIdentifier>{5e5264e0-6f57-4ec7-b4b0-263ff6d0c03c}</UniqueIdentifier>
    </Filter>
    <Filter Include="MapReader">
      <UniqueIdentifier>{e37c4e72-e608-4e84-864d-0dc62bd9df56}</UniqueIdentifier>
    </Filter>
    <Filter Include="FrameWork\Scenes">
      <UniqueIdentifier>{2d1d1993-246b-4d12-9525-090b1edfb43f}</UniqueIdentifier>
    </Filter>
    <Filter Include="FrameWork\GameObjects">
      <UniqueIdentifier>{6c199c5b-c5a5-41c6-9614-29cf5cbf9a25}</UniqueIdentifier>
    </Filter>
    <Filter Include="FrameWork\GameObjects\Entity">
      <UniqueIdentifier>{e07fc3b7-de4b-4d91-829c-a4261843349e}</UniqueIdentifier>
    </Filter>
    <Filter Include="FrameWork\GameObjects\Entity\Item">
      <UniqueIdentifier>{4e686d2b-530a-4e29-a85f-edd6c49b3a1d}</UniqueIdentifier>
    </Filter>
    <Filter Include="FrameWork\GameObjects\Entity\Player">
      <UniqueIdentifier>{90f1fdf6-d8ba-4640-9637-aa1ab47ae291}</UniqueIdentifier>
    </Filter>
    <Filter Include="FrameWork\GameObjects\Entity\Player\State">
      <UniqueIdentifier>{8035c7bd-cc7b-407e-a020-07c24e222344}</UniqueIdentifier>
    </Filter>
    <Filter Include="FrameWork\GameObjects\Entity\Enemy">
      <UniqueIdentifier>{db9cbb23-67e1-4fad-9bdb-11d26d99a539}</UniqueIdentifier>
    </Filter>
    <Filter Include="FrameWork\GameObjects\Entity\Item Holder">
      <UniqueIdentifier>{d85b6874-56e8-4ce0-8a8d-b441ae8e63e3}</UniqueIdentifier>
    </Filter>
    <Filter Include="FrameWork\Collision">
      <UniqueIdentifier>{73d261ec-e632-4371-89e4-961e1915b689}</UniqueIdentifier>
    </Filter>
    <Filter Include="FrameWork\GameObjects\Entity\Enemy\Enemy_Bullet">
      <UniqueIdentifier>{853b3917-be7b-41e1-be48-5cba269084f1}</UniqueIdentifier>
    </Filter>
  </ItemGroup>
  <ItemGroup>
    <ClCompile Include="Animation.cpp">
      <Filter>FrameWork\Graphics\src</Filter>
    </ClCompile>
    <ClCompile Include="AnimationManager.cpp">
      <Filter>FrameWork\Graphics\src</Filter>
    </ClCompile>
    <ClCompile Include="Sprite.cpp">
      <Filter>FrameWork\Graphics\src</Filter>
    </ClCompile>
    <ClCompile Include="TextureManager.cpp">
      <Filter>FrameWork\Graphics\src</Filter>
    </ClCompile>
    <ClCompile Include="SpriteManager.cpp">
      <Filter>FrameWork\Graphics\src</Filter>
    </ClCompile>
    <ClCompile Include="Game.cpp">
      <Filter>FrameWork\Game\src</Filter>
    </ClCompile>
    <ClCompile Include="GameGlobal.cpp">
      <Filter>FrameWork\Game\src</Filter>
    </ClCompile>
    <ClCompile Include="WinMain.cpp">
      <Filter>Source Files</Filter>
    </ClCompile>
    <ClCompile Include="Camera.cpp">
      <Filter>FrameWork\Graphics\src</Filter>
    </ClCompile>
    <ClCompile Include="SceneManager.cpp">
      <Filter>FrameWork\Scenes</Filter>
    </ClCompile>
    <ClCompile Include="Scene.cpp">
      <Filter>FrameWork\Scenes</Filter>
    </ClCompile>
    <ClCompile Include="PlayScene.cpp">
      <Filter>FrameWork\Scenes</Filter>
    </ClCompile>
    <ClCompile Include="GameMap.cpp">
      <Filter>FrameWork\Game\src</Filter>
    </ClCompile>
    <ClCompile Include="Object.cpp">
      <Filter>FrameWork\GameObjects\Entity</Filter>
    </ClCompile>
    <ClCompile Include="Player.cpp">
      <Filter>FrameWork\GameObjects\Entity\Player</Filter>
    </ClCompile>
    <ClCompile Include="PlayerRunningState.cpp">
      <Filter>FrameWork\GameObjects\Entity\Player\State</Filter>
    </ClCompile>
    <ClCompile Include="PlayerJumpingState.cpp">
      <Filter>FrameWork\GameObjects\Entity\Player\State</Filter>
    </ClCompile>
    <ClCompile Include="PlayerInjuredState.cpp">
      <Filter>FrameWork\GameObjects\Entity\Player\State</Filter>
    </ClCompile>
    <ClCompile Include="PlayerFallingState.cpp">
      <Filter>FrameWork\GameObjects\Entity\Player\State</Filter>
    </ClCompile>
    <ClCompile Include="PlayerDeadState.cpp">
      <Filter>FrameWork\GameObjects\Entity\Player\State</Filter>
    </ClCompile>
    <ClCompile Include="PlayerClingingState.cpp">
      <Filter>FrameWork\GameObjects\Entity\Player\State</Filter>
    </ClCompile>
    <ClCompile Include="PlayerClimbingState.cpp">
      <Filter>FrameWork\GameObjects\Entity\Player\State</Filter>
    </ClCompile>
    <ClCompile Include="PlayerAttackingState.cpp">
      <Filter>FrameWork\GameObjects\Entity\Player\State</Filter>
    </ClCompile>
    <ClCompile Include="PlayerSittingState.cpp">
      <Filter>FrameWork\GameObjects\Entity\Player\State</Filter>
    </ClCompile>
    <ClCompile Include="PlayerStandingState.cpp">
      <Filter>FrameWork\GameObjects\Entity\Player\State</Filter>
    </ClCompile>
    <ClCompile Include="Enemy.cpp">
      <Filter>FrameWork\GameObjects\Entity\Enemy</Filter>
    </ClCompile>
    <ClCompile Include="ESwordMan.cpp">
      <Filter>FrameWork\GameObjects\Entity\Enemy</Filter>
    </ClCompile>
    <ClCompile Include="IHButterfly.cpp">
      <Filter>FrameWork\GameObjects\Entity\Item Holder</Filter>
    </ClCompile>
    <ClCompile Include="ECloakMan.cpp">
      <Filter>FrameWork\GameObjects\Entity\Enemy</Filter>
    </ClCompile>
    <ClCompile Include="ScoreBoard.cpp">
      <Filter>FrameWork\Game\src</Filter>
    </ClCompile>
    <ClCompile Include="Cell.cpp">
      <Filter>FrameWork\Collision</Filter>
    </ClCompile>
    <ClCompile Include="Grid.cpp">
      <Filter>FrameWork\Collision</Filter>
    </ClCompile>
    <ClCompile Include="Collision.cpp">
      <Filter>FrameWork\Collision</Filter>
    </ClCompile>
    <ClCompile Include="CloakManBullet.cpp">
      <Filter>FrameWork\GameObjects\Entity\Enemy\Enemy_Bullet</Filter>
    </ClCompile>
  </ItemGroup>
  <ItemGroup>
    <ClInclude Include="Animation.h">
      <Filter>FrameWork\Graphics</Filter>
    </ClInclude>
    <ClInclude Include="AnimationManager.h">
      <Filter>FrameWork\Graphics</Filter>
    </ClInclude>
    <ClInclude Include="SpriteManager.h">
      <Filter>FrameWork\Graphics</Filter>
    </ClInclude>
    <ClInclude Include="TextureManager.h">
      <Filter>FrameWork\Graphics</Filter>
    </ClInclude>
    <ClInclude Include="Sprite.h">
      <Filter>FrameWork\Graphics</Filter>
    </ClInclude>
    <ClInclude Include="Game.h">
      <Filter>FrameWork\Game</Filter>
    </ClInclude>
    <ClInclude Include="GameGlobal.h">
      <Filter>FrameWork\Game</Filter>
    </ClInclude>
    <ClInclude Include="Camera.h">
      <Filter>FrameWork\Graphics</Filter>
    </ClInclude>
    <ClInclude Include="SceneManager.h">
      <Filter>FrameWork\Scenes</Filter>
    </ClInclude>
    <ClInclude Include="Scene.h">
      <Filter>FrameWork\Scenes</Filter>
    </ClInclude>
    <ClInclude Include="PlayScene.h">
      <Filter>FrameWork\Scenes</Filter>
    </ClInclude>
    <ClInclude Include="GameMap.h">
      <Filter>FrameWork\Game</Filter>
    </ClInclude>
    <ClInclude Include="Object.h">
      <Filter>FrameWork\GameObjects\Entity</Filter>
    </ClInclude>
    <ClInclude Include="Player.h">
      <Filter>FrameWork\GameObjects\Entity\Player</Filter>
    </ClInclude>
    <ClInclude Include="PlayerState.h">
      <Filter>FrameWork\GameObjects\Entity\Player\State</Filter>
    </ClInclude>
    <ClInclude Include="PlayerSittingState.h">
      <Filter>FrameWork\GameObjects\Entity\Player\State</Filter>
    </ClInclude>
    <ClInclude Include="PlayerJumpingState.h">
      <Filter>FrameWork\GameObjects\Entity\Player\State</Filter>
    </ClInclude>
    <ClInclude Include="PlayerInjuredState.h">
      <Filter>FrameWork\GameObjects\Entity\Player\State</Filter>
    </ClInclude>
    <ClInclude Include="PlayerFallingState.h">
      <Filter>FrameWork\GameObjects\Entity\Player\State</Filter>
    </ClInclude>
    <ClInclude Include="PlayerDeadState.h">
      <Filter>FrameWork\GameObjects\Entity\Player\State</Filter>
    </ClInclude>
    <ClInclude Include="PlayerClingingState.h">
      <Filter>FrameWork\GameObjects\Entity\Player\State</Filter>
    </ClInclude>
    <ClInclude Include="PlayerClimbingState.h">
      <Filter>FrameWork\GameObjects\Entity\Player\State</Filter>
    </ClInclude>
    <ClInclude Include="PlayerAttackingState.h">
      <Filter>FrameWork\GameObjects\Entity\Player\State</Filter>
    </ClInclude>
    <ClInclude Include="PlayerRunningState.h">
      <Filter>FrameWork\GameObjects\Entity\Player\State</Filter>
    </ClInclude>
    <ClInclude Include="PlayerStandingState.h">
      <Filter>FrameWork\GameObjects\Entity\Player\State</Filter>
    </ClInclude>
    <ClInclude Include="Enemy.h">
      <Filter>FrameWork\GameObjects\Entity\Enemy</Filter>
    </ClInclude>
    <ClInclude Include="ESwordMan.h">
      <Filter>FrameWork\GameObjects\Entity\Enemy</Filter>
    </ClInclude>
    <ClInclude Include="IHButterfly.h">
      <Filter>FrameWork\GameObjects\Entity\Item Holder</Filter>
    </ClInclude>
    <ClInclude Include="ECloakMan.h">
      <Filter>FrameWork\GameObjects\Entity\Enemy</Filter>
    </ClInclude>
    <ClInclude Include="Cell.h">
      <Filter>FrameWork\Collision</Filter>
    </ClInclude>
    <ClInclude Include="Grid.h">
      <Filter>FrameWork\Collision</Filter>
    </ClInclude>
    <ClInclude Include="ScoreBoard.h">
      <Filter>FrameWork\Game</Filter>
    </ClInclude>
    <ClInclude Include="EnemyBullet.h">
      <Filter>FrameWork\GameObjects\Entity\Enemy\Enemy_Bullet</Filter>
    </ClInclude>
    <ClInclude Include="CloakManBullet.h">
      <Filter>FrameWork\GameObjects\Entity\Enemy\Enemy_Bullet</Filter>
    </ClInclude>
    <ClInclude Include="Bullet.h">
      <Filter>FrameWork\GameObjects\Entity\Enemy\Enemy_Bullet</Filter>
    </ClInclude>
    <ClInclude Include="Collision.h">
      <Filter>FrameWork\Collision</Filter>
    </ClInclude>
  </ItemGroup>
  <ItemGroup>
    <Image Include="MapReader\lv1.png">
      <Filter>MapReader</Filter>
    </Image>
    <Image Include="MapReader\tiles.png">
      <Filter>MapReader</Filter>
    </Image>
  </ItemGroup>
  <ItemGroup>
    <Text Include="MapReader\Map1_matrix.txt">
      <Filter>MapReader</Filter>
    </Text>
  </ItemGroup>
</Project>