<?xml version="1.0" encoding="utf-8"?>
<Project ToolsVersion="4.0" xmlns="http://schemas.microsoft.com/developer/msbuild/2003">
  <ItemGroup>
    <Filter Include="Source Files">
      <UniqueIdentifier>{4FC737F1-C7A5-4376-A066-2A32D752A2FF}</UniqueIdentifier>
      <Extensions>cpp;c;cc;cxx;def;odl;idl;hpj;bat;asm;asmx</Extensions>
    </Filter>
    <Filter Include="Header Files">
      <UniqueIdentifier>{93995380-89BD-4b04-88EB-625FBE52EBFB}</UniqueIdentifier>
      <Extensions>h;hh;hpp;hxx;hm;inl;inc;ipp;xsd</Extensions>
    </Filter>
    <Filter Include="Resource Files">
      <UniqueIdentifier>{67DA6AB6-F800-4c08-8B7A-83BB121AAD01}</UniqueIdentifier>
      <Extensions>rc;ico;cur;bmp;dlg;rc2;rct;bin;rgs;gif;jpg;jpeg;jpe;resx;tiff;tif;png;wav;mfcribbon-ms</Extensions>
    </Filter>
    <Filter Include="FrameWork">
      <UniqueIdentifier>{9cbcb0a3-3c35-4d35-9929-d1f2a9f13cf8}</UniqueIdentifier>
    </Filter>
  </ItemGroup>
  <ItemGroup>
    <ClCompile Include="WindowInit.cpp">
      <Filter>Source Files</Filter>
    </ClCompile>
    <ClCompile Include="TextureManager.cpp">
      <Filter>FrameWork</Filter>
    </ClCompile>
    <ClCompile Include="Sprite.cpp">
      <Filter>FrameWork</Filter>
    </ClCompile>
    <ClCompile Include="SpriteManager.cpp">
      <Filter>FrameWork</Filter>
    </ClCompile>
    <ClCompile Include="Scene.cpp">
      <Filter>FrameWork</Filter>
    </ClCompile>
    <ClCompile Include="SceneManager.cpp">
      <Filter>FrameWork</Filter>
    </ClCompile>
    <ClCompile Include="AnimationManager.cpp">
      <Filter>FrameWork</Filter>
    </ClCompile>
    <ClCompile Include="Game.cpp">
      <Filter>FrameWork</Filter>
    </ClCompile>
    <ClCompile Include="Animation.cpp">
      <Filter>FrameWork</Filter>
    </ClCompile>
    <ClCompile Include="Object.cpp">
      <Filter>FrameWork</Filter>
    </ClCompile>
    <ClCompile Include="GameGlobal.cpp">
      <Filter>FrameWork</Filter>
    </ClCompile>
  </ItemGroup>
  <ItemGroup>
    <ClInclude Include="TextureManager.h">
      <Filter>FrameWork</Filter>
    </ClInclude>
    <ClInclude Include="SpriteManager.h">
      <Filter>FrameWork</Filter>
    </ClInclude>
    <ClInclude Include="Sprite.h">
      <Filter>FrameWork</Filter>
    </ClInclude>
    <ClInclude Include="SceneManager.h">
      <Filter>FrameWork</Filter>
    </ClInclude>
    <ClInclude Include="PlayScene.h">
      <Filter>FrameWork</Filter>
    </ClInclude>
    <ClInclude Include="AnimationManager.h">
      <Filter>FrameWork</Filter>
    </ClInclude>
    <ClInclude Include="Animation.h">
      <Filter>FrameWork</Filter>
    </ClInclude>
    <ClInclude Include="Scene.h">
      <Filter>FrameWork</Filter>
    </ClInclude>
    <ClInclude Include="GameGlobal.h">
      <Filter>FrameWork</Filter>
    </ClInclude>
    <ClInclude Include="Game.h">
      <Filter>FrameWork</Filter>
    </ClInclude>
    <ClInclude Include="Object.h">
      <Filter>FrameWork</Filter>
    </ClInclude>
  </ItemGroup>
</Project>